Microsoft Visual Studio Solution File, Format Version 11.00
# Visual Studio 2008

Project("{95D7DD7A-BC2A-A156-F6F0-5340A948D332}") = "PushAndBlow", "Assembly-CSharp.csproj", "{BEF6E225-859B-C0B9-6E90-F26C45C4BDE2}"
EndProject
Global
	GlobalSection(SolutionConfigurationPlatforms) = preSolution
		Debug|Any CPU = Debug|Any CPU
		Release|Any CPU = Release|Any CPU
	EndGlobalSection
	GlobalSection(ProjectConfigurationPlatforms) = postSolution
		{BEF6E225-859B-C0B9-6E90-F26C45C4BDE2}.Debug|Any CPU.ActiveCfg = Debug|Any CPU
		{BEF6E225-859B-C0B9-6E90-F26C45C4BDE2}.Debug|Any CPU.Build.0 = Debug|Any CPU
		{BEF6E225-859B-C0B9-6E90-F26C45C4BDE2}.Release|Any CPU.ActiveCfg = Release|Any CPU
		{BEF6E225-859B-C0B9-6E90-F26C45C4BDE2}.Release|Any CPU.Build.0 = Release|Any CPU
	EndGlobalSection
	GlobalSection(SolutionProperties) = preSolution
		HideSolutionNode = FALSE
	EndGlobalSection
	GlobalSection(MonoDevelopProperties) = preSolution
		StartupItem = Assembly-CSharp.csproj
	EndGlobalSection
EndGlobal
